
Microsoft Visual Studio Solution File, Format Version 12.00
# Visual Studio Version 17
VisualStudioVersion = 17.9.34622.214
MinimumVisualStudioVersion = 10.0.40219.1
Project("{FAE04EC0-301F-11D3-BF4B-00C04F79EFBC}") = "VideoGameLibraryManager", "VideoGameLibraryManager\VideoGameLibraryManager.csproj", "{E5BC58BD-EA73-49D9-BAED-4A3B39E3F682}"
EndProject
Project("{FAE04EC0-301F-11D3-BF4B-00C04F79EFBC}") = "WFFramework", "WFFramework\WFFramework.csproj", "{74D6DD38-FFB5-405E-A700-B44DEDE8ACE7}"
EndProject
Global
	GlobalSection(SolutionConfigurationPlatforms) = preSolution
		Debug|Any CPU = Debug|Any CPU
		Release|Any CPU = Release|Any CPU
	EndGlobalSection
	GlobalSection(ProjectConfigurationPlatforms) = postSolution
		{E5BC58BD-EA73-49D9-BAED-4A3B39E3F682}.Debug|Any CPU.ActiveCfg = Debug|Any CPU
		{E5BC58BD-EA73-49D9-BAED-4A3B39E3F682}.Debug|Any CPU.Build.0 = Debug|Any CPU
		{E5BC58BD-EA73-49D9-BAED-4A3B39E3F682}.Release|Any CPU.ActiveCfg = Release|Any CPU
		{E5BC58BD-EA73-49D9-BAED-4A3B39E3F682}.Release|Any CPU.Build.0 = Release|Any CPU
		{74D6DD38-FFB5-405E-A700-B44DEDE8ACE7}.Debug|Any CPU.ActiveCfg = Debug|Any CPU
		{74D6DD38-FFB5-405E-A700-B44DEDE8ACE7}.Debug|Any CPU.Build.0 = Debug|Any CPU
		{74D6DD38-FFB5-405E-A700-B44DEDE8ACE7}.Release|Any CPU.ActiveCfg = Release|Any CPU
		{74D6DD38-FFB5-405E-A700-B44DEDE8ACE7}.Release|Any CPU.Build.0 = Release|Any CPU
	EndGlobalSection
	GlobalSection(SolutionProperties) = preSolution
		HideSolutionNode = FALSE
	EndGlobalSection
	GlobalSection(ExtensibilityGlobals) = postSolution
		SolutionGuid = {00C38322-F6B4-49A6-BC43-B6ACA852C3B0}
	EndGlobalSection
EndGlobal
